
Microsoft Visual Studio Solution File, Format Version 12.00
# Visual Studio 15
VisualStudioVersion = 15.0.27428.2015
MinimumVisualStudioVersion = 10.0.40219.1
Project("{9A19103F-16F7-4668-BE54-9A1E7A4F7556}") = "DailyTimeRecorder.Api", "src\DailyTimeRecorder.Api\DailyTimeRecorder.Api.csproj", "{6630DEAB-0096-4A05-9124-D4A05C56A04E}"
EndProject
Project("{2150E333-8FDC-42A3-9474-1A3956D46DE8}") = "2 - Services", "2 - Services", "{7B96CEF8-DE19-4D0D-8E0B-BFA3F55AB6D5}"
EndProject
Project("{2150E333-8FDC-42A3-9474-1A3956D46DE8}") = "src", "src", "{17F46BC9-88C4-41DD-AAA2-786D4D9BCE03}"
EndProject
Project("{2150E333-8FDC-42A3-9474-1A3956D46DE8}") = "4 - Domain", "4 - Domain", "{4C85BB3C-8A9A-48D4-ACB0-A395193A373A}"
EndProject
Project("{9A19103F-16F7-4668-BE54-9A1E7A4F7556}") = "DailyTimeRecorder.Domain", "src\DailyTimeRecorder.Domain\DailyTimeRecorder.Domain.csproj", "{04BD1EF1-3306-4C77-B9FE-83F5DC478CA2}"
EndProject
Project("{2150E333-8FDC-42A3-9474-1A3956D46DE8}") = "3 - Application", "3 - Application", "{BE305A84-6775-494C-94EC-8813691D0127}"
EndProject
Project("{9A19103F-16F7-4668-BE54-9A1E7A4F7556}") = "DailyTimeRecorder.Domain.Core", "src\DailyTimeRecorder.Domain.Core\DailyTimeRecorder.Domain.Core.csproj", "{5AA8DC1D-BB40-4A42-8086-308EB3446DC9}"
EndProject
Project("{2150E333-8FDC-42A3-9474-1A3956D46DE8}") = "5 - Infra", "5 - Infra", "{49B4B55A-3271-4EDF-A748-697150167210}"
EndProject
Project("{2150E333-8FDC-42A3-9474-1A3956D46DE8}") = "5.1 - Data", "5.1 - Data", "{077E0064-4615-473E-BF3A-260F0D2B33E8}"
EndProject
Project("{9A19103F-16F7-4668-BE54-9A1E7A4F7556}") = "DailyTimeRecorder.Infra.Data", "src\DailyTimeRecorder.Infra.Data\DailyTimeRecorder.Infra.Data.csproj", "{C2235D7F-3EBA-4FF5-BC98-E2B111D9F84B}"
EndProject
Project("{2150E333-8FDC-42A3-9474-1A3956D46DE8}") = "5.2 - CrossCutting", "5.2 - CrossCutting", "{89BF257D-B422-4080-957D-D21D92DF460A}"
EndProject
Project("{9A19103F-16F7-4668-BE54-9A1E7A4F7556}") = "DailyTimeRecorder.Infra.CrossCutting.IoC", "src\DailyTimeRecorder.Infra.CrossCutting.IoC\DailyTimeRecorder.Infra.CrossCutting.IoC.csproj", "{D6AFB09A-01FE-4459-847E-5F4058C862C4}"
EndProject
Project("{9A19103F-16F7-4668-BE54-9A1E7A4F7556}") = "DailyTimeRecorder.Application", "src\DailyTimeRecorder.Application\DailyTimeRecorder.Application.csproj", "{76F3F03E-F17B-4281-82C4-F6CA723E9E69}"
EndProject
Project("{2150E333-8FDC-42A3-9474-1A3956D46DE8}") = "1 - Presentation", "1 - Presentation", "{72D19916-AFD5-46BF-9F2C-36830138BD7F}"
EndProject
Project("{2150E333-8FDC-42A3-9474-1A3956D46DE8}") = "6 - Tests", "6 - Tests", "{84C913E3-8AFA-41F6-819F-E9058042F0A4}"
EndProject
Project("{9A19103F-16F7-4668-BE54-9A1E7A4F7556}") = "DailyTimeRecorder.Api.Tests.Unit", "src\DailyTimeRecorder.Api.Tests.Unit\DailyTimeRecorder.Api.Tests.Unit.csproj", "{BD187C93-4E4C-42C6-85E7-5C6564C6A427}"
EndProject
Project("{FAE04EC0-301F-11D3-BF4B-00C04F79EFBC}") = "DailyTimeRecorder.Infra.CrossCutting.Bus", "src\DailyTimeRecorder.Infra.CrossCutting.Bus\DailyTimeRecorder.Infra.CrossCutting.Bus.csproj", "{0989EB44-6E5C-4F31-BAD9-FFEF3E2666FC}"
EndProject
Global
	GlobalSection(SolutionConfigurationPlatforms) = preSolution
		Debug|Any CPU = Debug|Any CPU
		Release|Any CPU = Release|Any CPU
	EndGlobalSection
	GlobalSection(ProjectConfigurationPlatforms) = postSolution
		{6630DEAB-0096-4A05-9124-D4A05C56A04E}.Debug|Any CPU.ActiveCfg = Debug|Any CPU
		{6630DEAB-0096-4A05-9124-D4A05C56A04E}.Debug|Any CPU.Build.0 = Debug|Any CPU
		{6630DEAB-0096-4A05-9124-D4A05C56A04E}.Release|Any CPU.ActiveCfg = Release|Any CPU
		{6630DEAB-0096-4A05-9124-D4A05C56A04E}.Release|Any CPU.Build.0 = Release|Any CPU
		{04BD1EF1-3306-4C77-B9FE-83F5DC478CA2}.Debug|Any CPU.ActiveCfg = Debug|Any CPU
		{04BD1EF1-3306-4C77-B9FE-83F5DC478CA2}.Debug|Any CPU.Build.0 = Debug|Any CPU
		{04BD1EF1-3306-4C77-B9FE-83F5DC478CA2}.Release|Any CPU.ActiveCfg = Release|Any CPU
		{04BD1EF1-3306-4C77-B9FE-83F5DC478CA2}.Release|Any CPU.Build.0 = Release|Any CPU
		{5AA8DC1D-BB40-4A42-8086-308EB3446DC9}.Debug|Any CPU.ActiveCfg = Debug|Any CPU
		{5AA8DC1D-BB40-4A42-8086-308EB3446DC9}.Debug|Any CPU.Build.0 = Debug|Any CPU
		{5AA8DC1D-BB40-4A42-8086-308EB3446DC9}.Release|Any CPU.ActiveCfg = Release|Any CPU
		{5AA8DC1D-BB40-4A42-8086-308EB3446DC9}.Release|Any CPU.Build.0 = Release|Any CPU
		{C2235D7F-3EBA-4FF5-BC98-E2B111D9F84B}.Debug|Any CPU.ActiveCfg = Debug|Any CPU
		{C2235D7F-3EBA-4FF5-BC98-E2B111D9F84B}.Debug|Any CPU.Build.0 = Debug|Any CPU
		{C2235D7F-3EBA-4FF5-BC98-E2B111D9F84B}.Release|Any CPU.ActiveCfg = Release|Any CPU
		{C2235D7F-3EBA-4FF5-BC98-E2B111D9F84B}.Release|Any CPU.Build.0 = Release|Any CPU
		{D6AFB09A-01FE-4459-847E-5F4058C862C4}.Debug|Any CPU.ActiveCfg = Debug|Any CPU
		{D6AFB09A-01FE-4459-847E-5F4058C862C4}.Debug|Any CPU.Build.0 = Debug|Any CPU
		{D6AFB09A-01FE-4459-847E-5F4058C862C4}.Release|Any CPU.ActiveCfg = Release|Any CPU
		{D6AFB09A-01FE-4459-847E-5F4058C862C4}.Release|Any CPU.Build.0 = Release|Any CPU
		{76F3F03E-F17B-4281-82C4-F6CA723E9E69}.Debug|Any CPU.ActiveCfg = Debug|Any CPU
		{76F3F03E-F17B-4281-82C4-F6CA723E9E69}.Debug|Any CPU.Build.0 = Debug|Any CPU
		{76F3F03E-F17B-4281-82C4-F6CA723E9E69}.Release|Any CPU.ActiveCfg = Release|Any CPU
		{76F3F03E-F17B-4281-82C4-F6CA723E9E69}.Release|Any CPU.Build.0 = Release|Any CPU
		{BD187C93-4E4C-42C6-85E7-5C6564C6A427}.Debug|Any CPU.ActiveCfg = Debug|Any CPU
		{BD187C93-4E4C-42C6-85E7-5C6564C6A427}.Debug|Any CPU.Build.0 = Debug|Any CPU
		{BD187C93-4E4C-42C6-85E7-5C6564C6A427}.Release|Any CPU.ActiveCfg = Release|Any CPU
		{BD187C93-4E4C-42C6-85E7-5C6564C6A427}.Release|Any CPU.Build.0 = Release|Any CPU
		{0989EB44-6E5C-4F31-BAD9-FFEF3E2666FC}.Debug|Any CPU.ActiveCfg = Debug|Any CPU
		{0989EB44-6E5C-4F31-BAD9-FFEF3E2666FC}.Debug|Any CPU.Build.0 = Debug|Any CPU
		{0989EB44-6E5C-4F31-BAD9-FFEF3E2666FC}.Release|Any CPU.ActiveCfg = Release|Any CPU
		{0989EB44-6E5C-4F31-BAD9-FFEF3E2666FC}.Release|Any CPU.Build.0 = Release|Any CPU
	EndGlobalSection
	GlobalSection(SolutionProperties) = preSolution
		HideSolutionNode = FALSE
	EndGlobalSection
	GlobalSection(NestedProjects) = preSolution
		{6630DEAB-0096-4A05-9124-D4A05C56A04E} = {7B96CEF8-DE19-4D0D-8E0B-BFA3F55AB6D5}
		{7B96CEF8-DE19-4D0D-8E0B-BFA3F55AB6D5} = {17F46BC9-88C4-41DD-AAA2-786D4D9BCE03}
		{4C85BB3C-8A9A-48D4-ACB0-A395193A373A} = {17F46BC9-88C4-41DD-AAA2-786D4D9BCE03}
		{04BD1EF1-3306-4C77-B9FE-83F5DC478CA2} = {4C85BB3C-8A9A-48D4-ACB0-A395193A373A}
		{BE305A84-6775-494C-94EC-8813691D0127} = {17F46BC9-88C4-41DD-AAA2-786D4D9BCE03}
		{5AA8DC1D-BB40-4A42-8086-308EB3446DC9} = {4C85BB3C-8A9A-48D4-ACB0-A395193A373A}
		{49B4B55A-3271-4EDF-A748-697150167210} = {17F46BC9-88C4-41DD-AAA2-786D4D9BCE03}
		{077E0064-4615-473E-BF3A-260F0D2B33E8} = {49B4B55A-3271-4EDF-A748-697150167210}
		{C2235D7F-3EBA-4FF5-BC98-E2B111D9F84B} = {077E0064-4615-473E-BF3A-260F0D2B33E8}
		{89BF257D-B422-4080-957D-D21D92DF460A} = {49B4B55A-3271-4EDF-A748-697150167210}
		{D6AFB09A-01FE-4459-847E-5F4058C862C4} = {89BF257D-B422-4080-957D-D21D92DF460A}
		{76F3F03E-F17B-4281-82C4-F6CA723E9E69} = {BE305A84-6775-494C-94EC-8813691D0127}
		{72D19916-AFD5-46BF-9F2C-36830138BD7F} = {17F46BC9-88C4-41DD-AAA2-786D4D9BCE03}
		{84C913E3-8AFA-41F6-819F-E9058042F0A4} = {17F46BC9-88C4-41DD-AAA2-786D4D9BCE03}
		{BD187C93-4E4C-42C6-85E7-5C6564C6A427} = {84C913E3-8AFA-41F6-819F-E9058042F0A4}
		{0989EB44-6E5C-4F31-BAD9-FFEF3E2666FC} = {89BF257D-B422-4080-957D-D21D92DF460A}
	EndGlobalSection
	GlobalSection(ExtensibilityGlobals) = postSolution
		SolutionGuid = {B93BFE00-A189-4B08-918C-5ED85BF23059}
	EndGlobalSection
EndGlobal
